
Microsoft Visual Studio Solution File, Format Version 12.00
# Visual Studio Version 16
VisualStudioVersion = 16.0.31129.286
MinimumVisualStudioVersion = 10.0.40219.1
Project("{FAE04EC0-301F-11D3-BF4B-00C04F79EFBC}") = "Primer_Parcial_Prog3_CabreraIrina", "Primer_Parcial_Prog3_CabreraIrina\Primer_Parcial_Prog3_CabreraIrina.csproj", "{5648B47A-4517-4DD3-A88B-B84BC9F27745}"
EndProject
Global
	GlobalSection(SolutionConfigurationPlatforms) = preSolution
		Debug|Any CPU = Debug|Any CPU
		Release|Any CPU = Release|Any CPU
	EndGlobalSection
	GlobalSection(ProjectConfigurationPlatforms) = postSolution
		{5648B47A-4517-4DD3-A88B-B84BC9F27745}.Debug|Any CPU.ActiveCfg = Debug|Any CPU
		{5648B47A-4517-4DD3-A88B-B84BC9F27745}.Debug|Any CPU.Build.0 = Debug|Any CPU
		{5648B47A-4517-4DD3-A88B-B84BC9F27745}.Release|Any CPU.ActiveCfg = Release|Any CPU
		{5648B47A-4517-4DD3-A88B-B84BC9F27745}.Release|Any CPU.Build.0 = Release|Any CPU
	EndGlobalSection
	GlobalSection(SolutionProperties) = preSolution
		HideSolutionNode = FALSE
	EndGlobalSection
	GlobalSection(ExtensibilityGlobals) = postSolution
		SolutionGuid = {BBDF2640-A9CD-4BA7-894D-7320933F97DC}
	EndGlobalSection
EndGlobal
